
Microsoft Visual Studio Solution File, Format Version 12.00
# Visual Studio 15
VisualStudioVersion = 15.0.27004.2008
MinimumVisualStudioVersion = 10.0.40219.1
Project("{2150E333-8FDC-42A3-9474-1A3956D46DE8}") = "Engine", "Engine", "{690D04B1-DA96-41CC-A714-C469B8C36F89}"
EndProject
Project("{2150E333-8FDC-42A3-9474-1A3956D46DE8}") = "Games", "Games", "{72968D7E-7462-462E-86C2-58BEEE98CF8E}"
EndProject
Project("{8BC9CEB8-8B4A-11D0-8D11-00A0C91BC942}") = "UE4", "Intermediate\ProjectFiles\UE4.vcxproj", "{E422E517-AA76-4C34-A045-F5077F411362}"
EndProject
Project("{8BC9CEB8-8B4A-11D0-8D11-00A0C91BC942}") = "BuildingEscape", "Intermediate\ProjectFiles\BuildingEscape.vcxproj", "{22C6A85E-927C-419E-9351-81DD45D93E78}"
EndProject
Global
	GlobalSection(SolutionConfigurationPlatforms) = preSolution
		DebugGame Editor|HTML5 = DebugGame Editor|HTML5
		DebugGame Editor|Win32 = DebugGame Editor|Win32
		DebugGame Editor|Win64 = DebugGame Editor|Win64
		DebugGame|HTML5 = DebugGame|HTML5
		DebugGame|Win32 = DebugGame|Win32
		DebugGame|Win64 = DebugGame|Win64
		Development Editor|HTML5 = Development Editor|HTML5
		Development Editor|Win32 = Development Editor|Win32
		Development Editor|Win64 = Development Editor|Win64
		Development|HTML5 = Development|HTML5
		Development|Win32 = Development|Win32
		Development|Win64 = Development|Win64
		Shipping|HTML5 = Shipping|HTML5
		Shipping|Win32 = Shipping|Win32
		Shipping|Win64 = Shipping|Win64
	EndGlobalSection
	GlobalSection(ProjectConfigurationPlatforms) = postSolution
		{E422E517-AA76-4C34-A045-F5077F411362}.DebugGame Editor|HTML5.ActiveCfg = BuiltWithUnrealBuildTool|Win32
		{E422E517-AA76-4C34-A045-F5077F411362}.DebugGame Editor|HTML5.Build.0 = BuiltWithUnrealBuildTool|Win32
		{E422E517-AA76-4C34-A045-F5077F411362}.DebugGame Editor|Win32.ActiveCfg = BuiltWithUnrealBuildTool|Win32
		{E422E517-AA76-4C34-A045-F5077F411362}.DebugGame Editor|Win32.Build.0 = BuiltWithUnrealBuildTool|Win32
		{E422E517-AA76-4C34-A045-F5077F411362}.DebugGame Editor|Win64.ActiveCfg = BuiltWithUnrealBuildTool|Win32
		{E422E517-AA76-4C34-A045-F5077F411362}.DebugGame Editor|Win64.Build.0 = BuiltWithUnrealBuildTool|Win32
		{E422E517-AA76-4C34-A045-F5077F411362}.DebugGame|HTML5.ActiveCfg = BuiltWithUnrealBuildTool|Win32
		{E422E517-AA76-4C34-A045-F5077F411362}.DebugGame|HTML5.Build.0 = BuiltWithUnrealBuildTool|Win32
		{E422E517-AA76-4C34-A045-F5077F411362}.DebugGame|Win32.ActiveCfg = BuiltWithUnrealBuildTool|Win32
		{E422E517-AA76-4C34-A045-F5077F411362}.DebugGame|Win32.Build.0 = BuiltWithUnrealBuildTool|Win32
		{E422E517-AA76-4C34-A045-F5077F411362}.DebugGame|Win64.ActiveCfg = BuiltWithUnrealBuildTool|Win32
		{E422E517-AA76-4C34-A045-F5077F411362}.DebugGame|Win64.Build.0 = BuiltWithUnrealBuildTool|Win32
		{E422E517-AA76-4C34-A045-F5077F411362}.Development Editor|HTML5.ActiveCfg = BuiltWithUnrealBuildTool|Win32
		{E422E517-AA76-4C34-A045-F5077F411362}.Development Editor|HTML5.Build.0 = BuiltWithUnrealBuildTool|Win32
		{E422E517-AA76-4C34-A045-F5077F411362}.Development Editor|Win32.ActiveCfg = BuiltWithUnrealBuildTool|Win32
		{E422E517-AA76-4C34-A045-F5077F411362}.Development Editor|Win32.Build.0 = BuiltWithUnrealBuildTool|Win32
		{E422E517-AA76-4C34-A045-F5077F411362}.Development Editor|Win64.ActiveCfg = BuiltWithUnrealBuildTool|Win32
		{E422E517-AA76-4C34-A045-F5077F411362}.Development Editor|Win64.Build.0 = BuiltWithUnrealBuildTool|Win32
		{E422E517-AA76-4C34-A045-F5077F411362}.Development|HTML5.ActiveCfg = BuiltWithUnrealBuildTool|Win32
		{E422E517-AA76-4C34-A045-F5077F411362}.Development|HTML5.Build.0 = BuiltWithUnrealBuildTool|Win32
		{E422E517-AA76-4C34-A045-F5077F411362}.Development|Win32.ActiveCfg = BuiltWithUnrealBuildTool|Win32
		{E422E517-AA76-4C34-A045-F5077F411362}.Development|Win32.Build.0 = BuiltWithUnrealBuildTool|Win32
		{E422E517-AA76-4C34-A045-F5077F411362}.Development|Win64.ActiveCfg = BuiltWithUnrealBuildTool|Win32
		{E422E517-AA76-4C34-A045-F5077F411362}.Development|Win64.Build.0 = BuiltWithUnrealBuildTool|Win32
		{E422E517-AA76-4C34-A045-F5077F411362}.Shipping|HTML5.ActiveCfg = BuiltWithUnrealBuildTool|Win32
		{E422E517-AA76-4C34-A045-F5077F411362}.Shipping|HTML5.Build.0 = BuiltWithUnrealBuildTool|Win32
		{E422E517-AA76-4C34-A045-F5077F411362}.Shipping|Win32.ActiveCfg = BuiltWithUnrealBuildTool|Win32
		{E422E517-AA76-4C34-A045-F5077F411362}.Shipping|Win32.Build.0 = BuiltWithUnrealBuildTool|Win32
		{E422E517-AA76-4C34-A045-F5077F411362}.Shipping|Win64.ActiveCfg = BuiltWithUnrealBuildTool|Win32
		{E422E517-AA76-4C34-A045-F5077F411362}.Shipping|Win64.Build.0 = BuiltWithUnrealBuildTool|Win32
		{22C6A85E-927C-419E-9351-81DD45D93E78}.DebugGame Editor|HTML5.ActiveCfg = HTML5_DebugGame_Editor|Win32
		{22C6A85E-927C-419E-9351-81DD45D93E78}.DebugGame Editor|Win32.ActiveCfg = DebugGame_Editor|Win32
		{22C6A85E-927C-419E-9351-81DD45D93E78}.DebugGame Editor|Win64.ActiveCfg = DebugGame_Editor|x64
		{22C6A85E-927C-419E-9351-81DD45D93E78}.DebugGame Editor|Win64.Build.0 = DebugGame_Editor|x64
		{22C6A85E-927C-419E-9351-81DD45D93E78}.DebugGame|HTML5.ActiveCfg = HTML5_DebugGame_Game|Win32
		{22C6A85E-927C-419E-9351-81DD45D93E78}.DebugGame|HTML5.Build.0 = HTML5_DebugGame_Game|Win32
		{22C6A85E-927C-419E-9351-81DD45D93E78}.DebugGame|Win32.ActiveCfg = DebugGame_Game|Win32
		{22C6A85E-927C-419E-9351-81DD45D93E78}.DebugGame|Win32.Build.0 = DebugGame_Game|Win32
		{22C6A85E-927C-419E-9351-81DD45D93E78}.DebugGame|Win64.ActiveCfg = DebugGame_Game|x64
		{22C6A85E-927C-419E-9351-81DD45D93E78}.DebugGame|Win64.Build.0 = DebugGame_Game|x64
		{22C6A85E-927C-419E-9351-81DD45D93E78}.Development Editor|HTML5.ActiveCfg = HTML5_Development_Editor|Win32
		{22C6A85E-927C-419E-9351-81DD45D93E78}.Development Editor|Win32.ActiveCfg = Development_Editor|Win32
		{22C6A85E-927C-419E-9351-81DD45D93E78}.Development Editor|Win64.ActiveCfg = Development_Editor|x64
		{22C6A85E-927C-419E-9351-81DD45D93E78}.Development Editor|Win64.Build.0 = Development_Editor|x64
		{22C6A85E-927C-419E-9351-81DD45D93E78}.Development|HTML5.ActiveCfg = HTML5_Development_Game|Win32
		{22C6A85E-927C-419E-9351-81DD45D93E78}.Development|HTML5.Build.0 = HTML5_Development_Game|Win32
		{22C6A85E-927C-419E-9351-81DD45D93E78}.Development|Win32.ActiveCfg = Development_Game|Win32
		{22C6A85E-927C-419E-9351-81DD45D93E78}.Development|Win32.Build.0 = Development_Game|Win32
		{22C6A85E-927C-419E-9351-81DD45D93E78}.Development|Win64.ActiveCfg = Development_Game|x64
		{22C6A85E-927C-419E-9351-81DD45D93E78}.Development|Win64.Build.0 = Development_Game|x64
		{22C6A85E-927C-419E-9351-81DD45D93E78}.Shipping|HTML5.ActiveCfg = HTML5_Shipping_Game|Win32
		{22C6A85E-927C-419E-9351-81DD45D93E78}.Shipping|HTML5.Build.0 = HTML5_Shipping_Game|Win32
		{22C6A85E-927C-419E-9351-81DD45D93E78}.Shipping|Win32.ActiveCfg = Shipping_Game|Win32
		{22C6A85E-927C-419E-9351-81DD45D93E78}.Shipping|Win32.Build.0 = Shipping_Game|Win32
		{22C6A85E-927C-419E-9351-81DD45D93E78}.Shipping|Win64.ActiveCfg = Shipping_Game|x64
		{22C6A85E-927C-419E-9351-81DD45D93E78}.Shipping|Win64.Build.0 = Shipping_Game|x64
	EndGlobalSection
	GlobalSection(SolutionProperties) = preSolution
		HideSolutionNode = FALSE
	EndGlobalSection
	GlobalSection(NestedProjects) = preSolution
		{E422E517-AA76-4C34-A045-F5077F411362} = {690D04B1-DA96-41CC-A714-C469B8C36F89}
		{22C6A85E-927C-419E-9351-81DD45D93E78} = {72968D7E-7462-462E-86C2-58BEEE98CF8E}
	EndGlobalSection
	GlobalSection(ExtensibilityGlobals) = postSolution
		SolutionGuid = {8382ACB9-BD27-4810-9A4A-2242BFFA7FEF}
	EndGlobalSection
EndGlobal
